
Microsoft Visual Studio Solution File, Format Version 12.00
# Visual Studio Version 16
VisualStudioVersion = 16.0.30621.155
MinimumVisualStudioVersion = 10.0.40219.1
Project("{FAE04EC0-301F-11D3-BF4B-00C04F79EFBC}") = "Pizza_Order_Screen", "Pizza_Order_Screen\Pizza_Order_Screen.csproj", "{7F72D46B-00A7-4E25-ADCD-A051E2E2A15C}"
EndProject
Global
	GlobalSection(SolutionConfigurationPlatforms) = preSolution
		Debug|Any CPU = Debug|Any CPU
		Release|Any CPU = Release|Any CPU
	EndGlobalSection
	GlobalSection(ProjectConfigurationPlatforms) = postSolution
		{7F72D46B-00A7-4E25-ADCD-A051E2E2A15C}.Debug|Any CPU.ActiveCfg = Debug|Any CPU
		{7F72D46B-00A7-4E25-ADCD-A051E2E2A15C}.Debug|Any CPU.Build.0 = Debug|Any CPU
		{7F72D46B-00A7-4E25-ADCD-A051E2E2A15C}.Release|Any CPU.ActiveCfg = Release|Any CPU
		{7F72D46B-00A7-4E25-ADCD-A051E2E2A15C}.Release|Any CPU.Build.0 = Release|Any CPU
	EndGlobalSection
	GlobalSection(SolutionProperties) = preSolution
		HideSolutionNode = FALSE
	EndGlobalSection
	GlobalSection(ExtensibilityGlobals) = postSolution
		SolutionGuid = {25C22376-CAB4-46BC-A4A4-2FE247E9243F}
	EndGlobalSection
EndGlobal
